
Microsoft Visual Studio Solution File, Format Version 12.00
# Visual Studio Version 17
VisualStudioVersion = 17.5.33627.172
MinimumVisualStudioVersion = 10.0.40219.1
Project("{9A19103F-16F7-4668-BE54-9A1E7A4F7556}") = "Framework", "Framework\Framework.csproj", "{BB741B29-B39B-48A1-9A38-C09843653F81}"
EndProject
Project("{9A19103F-16F7-4668-BE54-9A1E7A4F7556}") = "Tests", "Tests\Tests.csproj", "{1E32A373-FAA3-4813-8EFA-444237BE6134}"
EndProject
Global
	GlobalSection(SolutionConfigurationPlatforms) = preSolution
		Debug|Any CPU = Debug|Any CPU
		Release|Any CPU = Release|Any CPU
	EndGlobalSection
	GlobalSection(ProjectConfigurationPlatforms) = postSolution
		{BB741B29-B39B-48A1-9A38-C09843653F81}.Debug|Any CPU.ActiveCfg = Debug|Any CPU
		{BB741B29-B39B-48A1-9A38-C09843653F81}.Debug|Any CPU.Build.0 = Debug|Any CPU
		{BB741B29-B39B-48A1-9A38-C09843653F81}.Release|Any CPU.ActiveCfg = Release|Any CPU
		{BB741B29-B39B-48A1-9A38-C09843653F81}.Release|Any CPU.Build.0 = Release|Any CPU
		{1E32A373-FAA3-4813-8EFA-444237BE6134}.Debug|Any CPU.ActiveCfg = Debug|Any CPU
		{1E32A373-FAA3-4813-8EFA-444237BE6134}.Debug|Any CPU.Build.0 = Debug|Any CPU
		{1E32A373-FAA3-4813-8EFA-444237BE6134}.Release|Any CPU.ActiveCfg = Release|Any CPU
		{1E32A373-FAA3-4813-8EFA-444237BE6134}.Release|Any CPU.Build.0 = Release|Any CPU
	EndGlobalSection
	GlobalSection(SolutionProperties) = preSolution
		HideSolutionNode = FALSE
	EndGlobalSection
	GlobalSection(ExtensibilityGlobals) = postSolution
		SolutionGuid = {E1584371-9E36-4FFA-B37E-A5763A99A4DD}
	EndGlobalSection
EndGlobal
